github.com/dgurney/unikey v0.3.4 h1:bRKX/Hi8FhVp31fH7zPgqae+4F3E8UswUkCIPHyUwNw=
github.com/dgurney/unikey v0.3.4/go.mod h1:vHqV5+bSBPDtT7q2cxY9DBC/gizehUa/pgbqbWpyL0k=
github.com/dgurney/unikey v0.3.5 h1:r/P/+wh1Ml9eZJM7Gg4Y97msZW2xqpgOVT5rzJZNG5k=
github.com/dgurney/unikey v0.3.5/go.mod h1:vHqV5+bSBPDtT7q2cxY9DBC/gizehUa/pgbqbWpyL0k=
